{
  "name": "akingspice",
  "version": "0.2.0",
  "lockfileVersion": 3,
  "requires": true,
  "packages": {
    "": {
      "name": "akingspice",
      "version": "0.2.0",
      "license": "MIT",
      "dependencies": {
        "playwright": "^1.55.1"
      },
      "devDependencies": {
        "@webgpu/types": "^0.1.65",
        "rollup": "^4.0.0"
      },
      "engines": {
        "node": ">=16.0.0"
      }
    },
    "node_modules/@rollup/rollup-win32-x64-gnu": {
      "version": "4.52.3",
      "resolved": "https://registry.npmjs.org/@rollup/rollup-win32-x64-gnu/-/rollup-win32-x64-gnu-4.52.3.tgz",
      "integrity": "sha512-s0hybmlHb56mWVZQj8ra9048/WZTPLILKxcvcq+8awSZmyiSUZjjem1AhU3Tf4ZKpYhK4mg36HtHDOe8QJS5PQ==",
      "cpu": [
        "x64"
      ],
      "dev": true,
      "license": "MIT",
      "optional": true,
      "os": [
        "win32"
      ]
    },
    "node_modules/@rollup/rollup-win32-x64-msvc": {
      "version": "4.52.3",
      "resolved": "https://registry.npmjs.org/@rollup/rollup-win32-x64-msvc/-/rollup-win32-x64-msvc-4.52.3.tgz",
      "integrity": "sha512-zGIbEVVXVtauFgl3MRwGWEN36P5ZGenHRMgNw88X5wEhEBpq0XrMEZwOn07+ICrwM17XO5xfMZqh0OldCH5VTA==",
      "cpu": [
        "x64"
      ],
      "dev": true,
      "license": "MIT",
      "optional": true,
      "os": [
        "win32"
      ]
    },
    "node_modules/@types/estree": {
      "version": "1.0.8",
      "resolved": "https://registry.npmjs.org/@types/estree/-/estree-1.0.8.tgz",
      "integrity": "sha512-dWHzHa2WqEXI/O1E9OjrocMTKJl2mSrEolh1Iomrv6U+JuNwaHXsXx9bLu5gG7BUWFIN0skIQJQ/L1rIex4X6w==",
      "dev": true,
      "license": "MIT"
    },
    "node_modules/@webgpu/types": {
      "version": "0.1.65",
      "resolved": "https://registry.npmjs.org/@webgpu/types/-/types-0.1.65.tgz",
      "integrity": "sha512-cYrHab4d6wuVvDW5tdsfI6/o6vcLMDe6w2Citd1oS51Xxu2ycLCnVo4fqwujfKWijrZMInTJIKcXxteoy21nVA==",
      "dev": true,
      "license": "BSD-3-Clause"
    },
    "node_modules/fsevents": {
      "version": "2.3.2",
      "resolved": "https://registry.npmjs.org/fsevents/-/fsevents-2.3.2.tgz",
      "integrity": "sha512-xiqMQR4xAeHTuB9uWm+fFRcIOgKBMiOBP+eXiyT7jsgVCq1bkVygt00oASowB7EdtpOHaaPgKt812P9ab+DDKA==",
      "hasInstallScript": true,
      "license": "MIT",
      "optional": true,
      "os": [
        "darwin"
      ],
      "engines": {
        "node": "^8.16.0 || ^10.6.0 || >=11.0.0"
      }
    },
    "node_modules/playwright": {
      "version": "1.55.1",
      "resolved": "https://registry.npmjs.org/playwright/-/playwright-1.55.1.tgz",
      "integrity": "sha512-cJW4Xd/G3v5ovXtJJ52MAOclqeac9S/aGGgRzLabuF8TnIb6xHvMzKIa6JmrRzUkeXJgfL1MhukP0NK6l39h3A==",
      "license": "Apache-2.0",
      "dependencies": {
        "playwright-core": "1.55.1"
      },
      "bin": {
        "playwright": "cli.js"
      },
      "engines": {
        "node": ">=18"
      },
      "optionalDependencies": {
        "fsevents": "2.3.2"
      }
    },
    "node_modules/playwright-core": {
      "version": "1.55.1",
      "resolved": "https://registry.npmjs.org/playwright-core/-/playwright-core-1.55.1.tgz",
      "integrity": "sha512-Z6Mh9mkwX+zxSlHqdr5AOcJnfp+xUWLCt9uKV18fhzA8eyxUd8NUWzAjxUh55RZKSYwDGX0cfaySdhZJGMoJ+w==",
      "license": "Apache-2.0",
      "bin": {
        "playwright-core": "cli.js"
      },
      "engines": {
        "node": ">=18"
      }
    },
    "node_modules/rollup": {
      "version": "4.52.3",
      "resolved": "https://registry.npmjs.org/rollup/-/rollup-4.52.3.tgz",
      "integrity": "sha512-RIDh866U8agLgiIcdpB+COKnlCreHJLfIhWC3LVflku5YHfpnsIKigRZeFfMfCc4dVcqNVfQQ5gO/afOck064A==",
      "dev": true,
      "license": "MIT",
      "dependencies": {
        "@types/estree": "1.0.8"
      },
      "bin": {
        "rollup": "dist/bin/rollup"
      },
      "engines": {
        "node": ">=18.0.0",
        "npm": ">=8.0.0"
      },
      "optionalDependencies": {
        "@rollup/rollup-android-arm-eabi": "4.52.3",
        "@rollup/rollup-android-arm64": "4.52.3",
        "@rollup/rollup-darwin-arm64": "4.52.3",
        "@rollup/rollup-darwin-x64": "4.52.3",
        "@rollup/rollup-freebsd-arm64": "4.52.3",
        "@rollup/rollup-freebsd-x64": "4.52.3",
        "@rollup/rollup-linux-arm-gnueabihf": "4.52.3",
        "@rollup/rollup-linux-arm-musleabihf": "4.52.3",
        "@rollup/rollup-linux-arm64-gnu": "4.52.3",
        "@rollup/rollup-linux-arm64-musl": "4.52.3",
        "@rollup/rollup-linux-loong64-gnu": "4.52.3",
        "@rollup/rollup-linux-ppc64-gnu": "4.52.3",
        "@rollup/rollup-linux-riscv64-gnu": "4.52.3",
        "@rollup/rollup-linux-riscv64-musl": "4.52.3",
        "@rollup/rollup-linux-s390x-gnu": "4.52.3",
        "@rollup/rollup-linux-x64-gnu": "4.52.3",
        "@rollup/rollup-linux-x64-musl": "4.52.3",
        "@rollup/rollup-openharmony-arm64": "4.52.3",
        "@rollup/rollup-win32-arm64-msvc": "4.52.3",
        "@rollup/rollup-win32-ia32-msvc": "4.52.3",
        "@rollup/rollup-win32-x64-gnu": "4.52.3",
        "@rollup/rollup-win32-x64-msvc": "4.52.3",
        "fsevents": "~2.3.2"
      }
    }
  }
}
